
Microsoft Visual Studio Solution File, Format Version 12.00
# Visual Studio 15
VisualStudioVersion = 15.0.28307.421
MinimumVisualStudioVersion = 10.0.40219.1
Project("{8BC9CEB8-8B4A-11D0-8D11-00A0C91BC942}") = "TareaCorta3", "TareaCorta3\TareaCorta3.vcxproj", "{BA5D5EC0-4C07-4D98-B91A-DD478DCDEF5D}"
EndProject
Global
	GlobalSection(SolutionConfigurationPlatforms) = preSolution
		Debug|x64 = Debug|x64
		Debug|x86 = Debug|x86
		Release|x64 = Release|x64
		Release|x86 = Release|x86
	EndGlobalSection
	GlobalSection(ProjectConfigurationPlatforms) = postSolution
		{BA5D5EC0-4C07-4D98-B91A-DD478DCDEF5D}.Debug|x64.ActiveCfg = Debug|x64
		{BA5D5EC0-4C07-4D98-B91A-DD478DCDEF5D}.Debug|x64.Build.0 = Debug|x64
		{BA5D5EC0-4C07-4D98-B91A-DD478DCDEF5D}.Debug|x86.ActiveCfg = Debug|Win32
		{BA5D5EC0-4C07-4D98-B91A-DD478DCDEF5D}.Debug|x86.Build.0 = Debug|Win32
		{BA5D5EC0-4C07-4D98-B91A-DD478DCDEF5D}.Release|x64.ActiveCfg = Release|x64
		{BA5D5EC0-4C07-4D98-B91A-DD478DCDEF5D}.Release|x64.Build.0 = Release|x64
		{BA5D5EC0-4C07-4D98-B91A-DD478DCDEF5D}.Release|x86.ActiveCfg = Release|Win32
		{BA5D5EC0-4C07-4D98-B91A-DD478DCDEF5D}.Release|x86.Build.0 = Release|Win32
	EndGlobalSection
	GlobalSection(SolutionProperties) = preSolution
		HideSolutionNode = FALSE
	EndGlobalSection
	GlobalSection(ExtensibilityGlobals) = postSolution
		SolutionGuid = {0E9256DB-FC82-4E4C-A877-6DC6917B5C19}
	EndGlobalSection
EndGlobal
